// !$*UTF8*$!
{
	archiveVersion = 1;
	classes = {
	};
	objectVersion = 50;
	objects = {

/* Begin PBXBuildFile section */
		BE7FF1AA256C46860020C4C9 /* AdventOfCodeApp.swift in Sources */ = {isa = PBXBuildFile; fileRef = BE7FF1A9256C46860020C4C9 /* AdventOfCodeApp.swift */; };
		BE7FF1AC256C46860020C4C9 /* ContentView.swift in Sources */ = {isa = PBXBuildFile; fileRef = BE7FF1AB256C46860020C4C9 /* ContentView.swift */; };
		BE7FF1AE256C46870020C4C9 /* Assets.xcassets in Resources */ = {isa = PBXBuildFile; fileRef = BE7FF1AD256C46870020C4C9 /* Assets.xcassets */; };
		BE7FF1B1256C46870020C4C9 /* Preview Assets.xcassets in Resources */ = {isa = PBXBuildFile; fileRef = BE7FF1B0256C46870020C4C9 /* Preview Assets.xcassets */; };
		BE7FF1BD256C46870020C4C9 /* AdventOfCodeTests.swift in Sources */ = {isa = PBXBuildFile; fileRef = BE7FF1BC256C46870020C4C9 /* AdventOfCodeTests.swift */; };
		BE7FF1D9256C46DD0020C4C9 /* NQL.swift in Sources */ = {isa = PBXBuildFile; fileRef = BE7FF1D8256C46DD0020C4C9 /* NQL.swift */; };
		BE7FF1DA256C46DD0020C4C9 /* NQL.swift in Sources */ = {isa = PBXBuildFile; fileRef = BE7FF1D8256C46DD0020C4C9 /* NQL.swift */; };
		BE7FF1E0256C48580020C4C9 /* NQLTest.swift in Sources */ = {isa = PBXBuildFile; fileRef = BE7FF1DF256C48580020C4C9 /* NQLTest.swift */; };
		BE7FF1E8256D91A60020C4C9 /* AoC2015View.swift in Sources */ = {isa = PBXBuildFile; fileRef = BE7FF1E7256D91A60020C4C9 /* AoC2015View.swift */; };
		BE7FF1E9256D91A60020C4C9 /* AoC2015View.swift in Sources */ = {isa = PBXBuildFile; fileRef = BE7FF1E7256D91A60020C4C9 /* AoC2015View.swift */; };
		BE7FF1F1256D922A0020C4C9 /* NQLView.swift in Sources */ = {isa = PBXBuildFile; fileRef = BE7FF1F0256D922A0020C4C9 /* NQLView.swift */; };
		BE7FF1F2256D922A0020C4C9 /* NQLView.swift in Sources */ = {isa = PBXBuildFile; fileRef = BE7FF1F0256D922A0020C4C9 /* NQLView.swift */; };
		BE7FF200256D95360020C4C9 /* NoMathView.swift in Sources */ = {isa = PBXBuildFile; fileRef = BE7FF1FF256D95360020C4C9 /* NoMathView.swift */; };
		BE7FF201256D95360020C4C9 /* NoMathView.swift in Sources */ = {isa = PBXBuildFile; fileRef = BE7FF1FF256D95360020C4C9 /* NoMathView.swift */; };
		BE7FF206256D973F0020C4C9 /* WrappingPaperCalculator.swift in Sources */ = {isa = PBXBuildFile; fileRef = BE7FF205256D973F0020C4C9 /* WrappingPaperCalculator.swift */; };
		BE7FF207256D973F0020C4C9 /* WrappingPaperCalculator.swift in Sources */ = {isa = PBXBuildFile; fileRef = BE7FF205256D973F0020C4C9 /* WrappingPaperCalculator.swift */; };
		BE7FF20C256D975B0020C4C9 /* WrappingPaperCalculatorTests.swift in Sources */ = {isa = PBXBuildFile; fileRef = BE7FF20B256D975B0020C4C9 /* WrappingPaperCalculatorTests.swift */; };
		BE7FF211256D9AC20020C4C9 /* day2-input.txt in Resources */ = {isa = PBXBuildFile; fileRef = BE7FF210256D9AC20020C4C9 /* day2-input.txt */; };
		BE7FF212256D9AC20020C4C9 /* day2-input.txt in Resources */ = {isa = PBXBuildFile; fileRef = BE7FF210256D9AC20020C4C9 /* day2-input.txt */; };
		BE7FF21C256DA2990020C4C9 /* FileImporter.swift in Sources */ = {isa = PBXBuildFile; fileRef = BE7FF21B256DA2990020C4C9 /* FileImporter.swift */; };
		BE7FF21D256DA2990020C4C9 /* FileImporter.swift in Sources */ = {isa = PBXBuildFile; fileRef = BE7FF21B256DA2990020C4C9 /* FileImporter.swift */; };
		D4E45B212575E64700FA8BD0 /* AoC2020View.swift in Sources */ = {isa = PBXBuildFile; fileRef = D4E45B202575E64700FA8BD0 /* AoC2020View.swift */; };
		D4E45B2A2575ED0C00FA8BD0 /* Day1View2020.swift in Sources */ = {isa = PBXBuildFile; fileRef = D4E45B292575ED0C00FA8BD0 /* Day1View2020.swift */; };
		D4E45B3B2576860E00FA8BD0 /* TTFinder.swift in Sources */ = {isa = PBXBuildFile; fileRef = D4E45B3A2576860E00FA8BD0 /* TTFinder.swift */; };
		D4E45B3C2576860E00FA8BD0 /* TTFinder.swift in Sources */ = {isa = PBXBuildFile; fileRef = D4E45B3A2576860E00FA8BD0 /* TTFinder.swift */; };
		D4E45B412576864D00FA8BD0 /* TTFinderTests.swift in Sources */ = {isa = PBXBuildFile; fileRef = D4E45B402576864D00FA8BD0 /* TTFinderTests.swift */; };
		D4E45B462576875E00FA8BD0 /* day1-input-2020.txt in Resources */ = {isa = PBXBuildFile; fileRef = D4E45B452576875E00FA8BD0 /* day1-input-2020.txt */; };
		D4E45B472576875E00FA8BD0 /* day1-input-2020.txt in Resources */ = {isa = PBXBuildFile; fileRef = D4E45B452576875E00FA8BD0 /* day1-input-2020.txt */; };
		D4E45B552577D77800FA8BD0 /* Day2View2020.swift in Sources */ = {isa = PBXBuildFile; fileRef = D4E45B542577D77800FA8BD0 /* Day2View2020.swift */; };
		D4E45B562577D77800FA8BD0 /* Day2View2020.swift in Sources */ = {isa = PBXBuildFile; fileRef = D4E45B542577D77800FA8BD0 /* Day2View2020.swift */; };
		D4E45B5C2577D80E00FA8BD0 /* day2-input-2020.txt in Resources */ = {isa = PBXBuildFile; fileRef = D4E45B5B2577D80E00FA8BD0 /* day2-input-2020.txt */; };
		D4E45B5D2577D80E00FA8BD0 /* day2-input-2020.txt in Resources */ = {isa = PBXBuildFile; fileRef = D4E45B5B2577D80E00FA8BD0 /* day2-input-2020.txt */; };
		D4E45B632577D84500FA8BD0 /* PasswordsProcessor.swift in Sources */ = {isa = PBXBuildFile; fileRef = D4E45B622577D84500FA8BD0 /* PasswordsProcessor.swift */; };
		D4E45B642577D84500FA8BD0 /* PasswordsProcessor.swift in Sources */ = {isa = PBXBuildFile; fileRef = D4E45B622577D84500FA8BD0 /* PasswordsProcessor.swift */; };
		D4E45B6A2577D99400FA8BD0 /* PasswordProcessorTests.swift in Sources */ = {isa = PBXBuildFile; fileRef = D4E45B692577D99400FA8BD0 /* PasswordProcessorTests.swift */; };
		D4E45B6F257865C400FA8BD0 /* Day3View2020.swift in Sources */ = {isa = PBXBuildFile; fileRef = D4E45B6E257865C400FA8BD0 /* Day3View2020.swift */; };
		D4E45B70257865C400FA8BD0 /* Day3View2020.swift in Sources */ = {isa = PBXBuildFile; fileRef = D4E45B6E257865C400FA8BD0 /* Day3View2020.swift */; };
		D4E45B7625791D8200FA8BD0 /* day3-input-2020.txt in Resources */ = {isa = PBXBuildFile; fileRef = D4E45B7525791D8200FA8BD0 /* day3-input-2020.txt */; };
		D4E45B7725791D8200FA8BD0 /* day3-input-2020.txt in Resources */ = {isa = PBXBuildFile; fileRef = D4E45B7525791D8200FA8BD0 /* day3-input-2020.txt */; };
		D4E45B7D25791D9E00FA8BD0 /* Day3MapView.swift in Sources */ = {isa = PBXBuildFile; fileRef = D4E45B7C25791D9E00FA8BD0 /* Day3MapView.swift */; };
		D4E45B7E25791D9E00FA8BD0 /* Day3MapView.swift in Sources */ = {isa = PBXBuildFile; fileRef = D4E45B7C25791D9E00FA8BD0 /* Day3MapView.swift */; };
		D4E45B8425792BA700FA8BD0 /* test-input-d32020.txt in Resources */ = {isa = PBXBuildFile; fileRef = D4E45B8325792BA700FA8BD0 /* test-input-d32020.txt */; };
		D4E45B8525792BA700FA8BD0 /* test-input-d32020.txt in Resources */ = {isa = PBXBuildFile; fileRef = D4E45B8325792BA700FA8BD0 /* test-input-d32020.txt */; };
		D4E45B8C2579C75100FA8BD0 /* Day4View2020.swift in Sources */ = {isa = PBXBuildFile; fileRef = D4E45B8B2579C75100FA8BD0 /* Day4View2020.swift */; };
		D4E45B8D2579C75100FA8BD0 /* Day4View2020.swift in Sources */ = {isa = PBXBuildFile; fileRef = D4E45B8B2579C75100FA8BD0 /* Day4View2020.swift */; };
		D4E45B93257A797A00FA8BD0 /* day4-input-2020.txt in Resources */ = {isa = PBXBuildFile; fileRef = D4E45B92257A797A00FA8BD0 /* day4-input-2020.txt */; };
		D4E45B94257A797A00FA8BD0 /* day4-input-2020.txt in Resources */ = {isa = PBXBuildFile; fileRef = D4E45B92257A797A00FA8BD0 /* day4-input-2020.txt */; };
		D4E45B98257A79F900FA8BD0 /* PassportProcessor.swift in Sources */ = {isa = PBXBuildFile; fileRef = D4E45B97257A79F900FA8BD0 /* PassportProcessor.swift */; };
		D4E45B99257A79F900FA8BD0 /* PassportProcessor.swift in Sources */ = {isa = PBXBuildFile; fileRef = D4E45B97257A79F900FA8BD0 /* PassportProcessor.swift */; };
		D4E45B9F257A802B00FA8BD0 /* d42020-sample-data.txt in Resources */ = {isa = PBXBuildFile; fileRef = D4E45B9E257A802B00FA8BD0 /* d42020-sample-data.txt */; };
		D4E45BA0257A802B00FA8BD0 /* d42020-sample-data.txt in Resources */ = {isa = PBXBuildFile; fileRef = D4E45B9E257A802B00FA8BD0 /* d42020-sample-data.txt */; };
/* End PBXBuildFile section */

/* Begin PBXContainerItemProxy section */
		BE7FF1B9256C46870020C4C9 /* PBXContainerItemProxy */ = {
			isa = PBXContainerItemProxy;
			containerPortal = BE7FF19E256C46860020C4C9 /* Project object */;
			proxyType = 1;
			remoteGlobalIDString = BE7FF1A5256C46860020C4C9;
			remoteInfo = AdventOfCode;
		};
/* End PBXContainerItemProxy section */

/* Begin PBXFileReference section */
		BE7FF1A6256C46860020C4C9 /* AdventOfCode.app */ = {isa = PBXFileReference; explicitFileType = wrapper.application; includeInIndex = 0; path = AdventOfCode.app; sourceTree = BUILT_PRODUCTS_DIR; };
		BE7FF1A9256C46860020C4C9 /* AdventOfCodeApp.swift */ = {isa = PBXFileReference; lastKnownFileType = sourcecode.swift; path = AdventOfCodeApp.swift; sourceTree = "<group>"; };
		BE7FF1AB256C46860020C4C9 /* ContentView.swift */ = {isa = PBXFileReference; lastKnownFileType = sourcecode.swift; path = ContentView.swift; sourceTree = "<group>"; };
		BE7FF1AD256C46870020C4C9 /* Assets.xcassets */ = {isa = PBXFileReference; lastKnownFileType = folder.assetcatalog; path = Assets.xcassets; sourceTree = "<group>"; };
		BE7FF1B0256C46870020C4C9 /* Preview Assets.xcassets */ = {isa = PBXFileReference; lastKnownFileType = folder.assetcatalog; path = "Preview Assets.xcassets"; sourceTree = "<group>"; };
		BE7FF1B2256C46870020C4C9 /* Info.plist */ = {isa = PBXFileReference; lastKnownFileType = text.plist.xml; path = Info.plist; sourceTree = "<group>"; };
		BE7FF1B3256C46870020C4C9 /* AdventOfCode.entitlements */ = {isa = PBXFileReference; lastKnownFileType = text.plist.entitlements; path = AdventOfCode.entitlements; sourceTree = "<group>"; };
		BE7FF1B8256C46870020C4C9 /* AdventOfCodeTests.xctest */ = {isa = PBXFileReference; explicitFileType = wrapper.cfbundle; includeInIndex = 0; path = AdventOfCodeTests.xctest; sourceTree = BUILT_PRODUCTS_DIR; };
		BE7FF1BC256C46870020C4C9 /* AdventOfCodeTests.swift */ = {isa = PBXFileReference; lastKnownFileType = sourcecode.swift; path = AdventOfCodeTests.swift; sourceTree = "<group>"; };
		BE7FF1BE256C46870020C4C9 /* Info.plist */ = {isa = PBXFileReference; lastKnownFileType = text.plist.xml; path = Info.plist; sourceTree = "<group>"; };
		BE7FF1C7256C46870020C4C9 /* AdventOfCodeUITests.swift */ = {isa = PBXFileReference; lastKnownFileType = sourcecode.swift; path = AdventOfCodeUITests.swift; sourceTree = "<group>"; };
		BE7FF1C9256C46870020C4C9 /* Info.plist */ = {isa = PBXFileReference; lastKnownFileType = text.plist.xml; path = Info.plist; sourceTree = "<group>"; };
		BE7FF1D8256C46DD0020C4C9 /* NQL.swift */ = {isa = PBXFileReference; lastKnownFileType = sourcecode.swift; path = NQL.swift; sourceTree = "<group>"; };
		BE7FF1DF256C48580020C4C9 /* NQLTest.swift */ = {isa = PBXFileReference; lastKnownFileType = sourcecode.swift; path = NQLTest.swift; sourceTree = "<group>"; };
		BE7FF1E7256D91A60020C4C9 /* AoC2015View.swift */ = {isa = PBXFileReference; lastKnownFileType = sourcecode.swift; path = AoC2015View.swift; sourceTree = "<group>"; };
		BE7FF1F0256D922A0020C4C9 /* NQLView.swift */ = {isa = PBXFileReference; lastKnownFileType = sourcecode.swift; path = NQLView.swift; sourceTree = "<group>"; };
		BE7FF1FF256D95360020C4C9 /* NoMathView.swift */ = {isa = PBXFileReference; lastKnownFileType = sourcecode.swift; path = NoMathView.swift; sourceTree = "<group>"; };
		BE7FF205256D973F0020C4C9 /* WrappingPaperCalculator.swift */ = {isa = PBXFileReference; lastKnownFileType = sourcecode.swift; path = WrappingPaperCalculator.swift; sourceTree = "<group>"; };
		BE7FF20B256D975B0020C4C9 /* WrappingPaperCalculatorTests.swift */ = {isa = PBXFileReference; lastKnownFileType = sourcecode.swift; path = WrappingPaperCalculatorTests.swift; sourceTree = "<group>"; };
		BE7FF210256D9AC20020C4C9 /* day2-input.txt */ = {isa = PBXFileReference; fileEncoding = 4; lastKnownFileType = text; path = "day2-input.txt"; sourceTree = "<group>"; };
		BE7FF21B256DA2990020C4C9 /* FileImporter.swift */ = {isa = PBXFileReference; lastKnownFileType = sourcecode.swift; path = FileImporter.swift; sourceTree = "<group>"; };
		D4E45B202575E64700FA8BD0 /* AoC2020View.swift */ = {isa = PBXFileReference; lastKnownFileType = sourcecode.swift; path = AoC2020View.swift; sourceTree = "<group>"; };
		D4E45B292575ED0C00FA8BD0 /* Day1View2020.swift */ = {isa = PBXFileReference; lastKnownFileType = sourcecode.swift; path = Day1View2020.swift; sourceTree = "<group>"; };
		D4E45B3A2576860E00FA8BD0 /* TTFinder.swift */ = {isa = PBXFileReference; lastKnownFileType = sourcecode.swift; path = TTFinder.swift; sourceTree = "<group>"; };
		D4E45B402576864D00FA8BD0 /* TTFinderTests.swift */ = {isa = PBXFileReference; lastKnownFileType = sourcecode.swift; path = TTFinderTests.swift; sourceTree = "<group>"; };
		D4E45B452576875E00FA8BD0 /* day1-input-2020.txt */ = {isa = PBXFileReference; fileEncoding = 4; lastKnownFileType = text; path = "day1-input-2020.txt"; sourceTree = "<group>"; };
		D4E45B542577D77800FA8BD0 /* Day2View2020.swift */ = {isa = PBXFileReference; lastKnownFileType = sourcecode.swift; path = Day2View2020.swift; sourceTree = "<group>"; };
		D4E45B5B2577D80E00FA8BD0 /* day2-input-2020.txt */ = {isa = PBXFileReference; fileEncoding = 4; lastKnownFileType = text; path = "day2-input-2020.txt"; sourceTree = "<group>"; };
		D4E45B622577D84500FA8BD0 /* PasswordsProcessor.swift */ = {isa = PBXFileReference; lastKnownFileType = sourcecode.swift; path = PasswordsProcessor.swift; sourceTree = "<group>"; };
		D4E45B692577D99400FA8BD0 /* PasswordProcessorTests.swift */ = {isa = PBXFileReference; lastKnownFileType = sourcecode.swift; path = PasswordProcessorTests.swift; sourceTree = "<group>"; };
		D4E45B6E257865C400FA8BD0 /* Day3View2020.swift */ = {isa = PBXFileReference; lastKnownFileType = sourcecode.swift; path = Day3View2020.swift; sourceTree = "<group>"; };
		D4E45B7525791D8200FA8BD0 /* day3-input-2020.txt */ = {isa = PBXFileReference; fileEncoding = 4; lastKnownFileType = text; path = "day3-input-2020.txt"; sourceTree = "<group>"; };
		D4E45B7C25791D9E00FA8BD0 /* Day3MapView.swift */ = {isa = PBXFileReference; lastKnownFileType = sourcecode.swift; path = Day3MapView.swift; sourceTree = "<group>"; };
		D4E45B8325792BA700FA8BD0 /* test-input-d32020.txt */ = {isa = PBXFileReference; lastKnownFileType = text; path = "test-input-d32020.txt"; sourceTree = "<group>"; };
		D4E45B8B2579C75100FA8BD0 /* Day4View2020.swift */ = {isa = PBXFileReference; lastKnownFileType = sourcecode.swift; path = Day4View2020.swift; sourceTree = "<group>"; };
		D4E45B92257A797A00FA8BD0 /* day4-input-2020.txt */ = {isa = PBXFileReference; fileEncoding = 4; lastKnownFileType = text; path = "day4-input-2020.txt"; sourceTree = "<group>"; };
		D4E45B97257A79F900FA8BD0 /* PassportProcessor.swift */ = {isa = PBXFileReference; lastKnownFileType = sourcecode.swift; path = PassportProcessor.swift; sourceTree = "<group>"; };
		D4E45B9E257A802B00FA8BD0 /* d42020-sample-data.txt */ = {isa = PBXFileReference; lastKnownFileType = text; path = "d42020-sample-data.txt"; sourceTree = "<group>"; };
/* End PBXFileReference section */

/* Begin PBXFrameworksBuildPhase section */
		BE7FF1A3256C46860020C4C9 /* Frameworks */ = {
			isa = PBXFrameworksBuildPhase;
			buildActionMask = 2147483647;
			files = (
			);
			runOnlyForDeploymentPostprocessing = 0;
		};
		BE7FF1B5256C46870020C4C9 /* Frameworks */ = {
			isa = PBXFrameworksBuildPhase;
			buildActionMask = 2147483647;
			files = (
			);
			runOnlyForDeploymentPostprocessing = 0;
		};
/* End PBXFrameworksBuildPhase section */

/* Begin PBXGroup section */
		BE7FF19D256C46860020C4C9 = {
			isa = PBXGroup;
			children = (
				BE7FF1A8256C46860020C4C9 /* AdventOfCode */,
				BE7FF1BB256C46870020C4C9 /* AdventOfCodeTests */,
				BE7FF1C6256C46870020C4C9 /* AdventOfCodeUITests */,
				BE7FF1A7256C46860020C4C9 /* Products */,
			);
			sourceTree = "<group>";
		};
		BE7FF1A7256C46860020C4C9 /* Products */ = {
			isa = PBXGroup;
			children = (
				BE7FF1A6256C46860020C4C9 /* AdventOfCode.app */,
				BE7FF1B8256C46870020C4C9 /* AdventOfCodeTests.xctest */,
			);
			name = Products;
			sourceTree = "<group>";
		};
		BE7FF1A8256C46860020C4C9 /* AdventOfCode */ = {
			isa = PBXGroup;
			children = (
				BE7FF21A256D9AFB0020C4C9 /* Utilities */,
				BE7FF1DE256C46F50020C4C9 /* 2015 */,
				D4E45B1F2575E62A00FA8BD0 /* 2020 */,
				BE7FF1A9256C46860020C4C9 /* AdventOfCodeApp.swift */,
				BE7FF1AB256C46860020C4C9 /* ContentView.swift */,
				BE7FF1AD256C46870020C4C9 /* Assets.xcassets */,
				BE7FF1B2256C46870020C4C9 /* Info.plist */,
				BE7FF1B3256C46870020C4C9 /* AdventOfCode.entitlements */,
				BE7FF1AF256C46870020C4C9 /* Preview Content */,
			);
			path = AdventOfCode;
			sourceTree = "<group>";
		};
		BE7FF1AF256C46870020C4C9 /* Preview Content */ = {
			isa = PBXGroup;
			children = (
				BE7FF1B0256C46870020C4C9 /* Preview Assets.xcassets */,
			);
			path = "Preview Content";
			sourceTree = "<group>";
		};
		BE7FF1BB256C46870020C4C9 /* AdventOfCodeTests */ = {
			isa = PBXGroup;
			children = (
				BE7FF1BC256C46870020C4C9 /* AdventOfCodeTests.swift */,
				BE7FF1BE256C46870020C4C9 /* Info.plist */,
				BE7FF1DF256C48580020C4C9 /* NQLTest.swift */,
				BE7FF20B256D975B0020C4C9 /* WrappingPaperCalculatorTests.swift */,
				D4E45B402576864D00FA8BD0 /* TTFinderTests.swift */,
				D4E45B692577D99400FA8BD0 /* PasswordProcessorTests.swift */,
			);
			path = AdventOfCodeTests;
			sourceTree = "<group>";
		};
		BE7FF1C6256C46870020C4C9 /* AdventOfCodeUITests */ = {
			isa = PBXGroup;
			children = (
				BE7FF1C7256C46870020C4C9 /* AdventOfCodeUITests.swift */,
				BE7FF1C9256C46870020C4C9 /* Info.plist */,
			);
			path = AdventOfCodeUITests;
			sourceTree = "<group>";
		};
		BE7FF1DE256C46F50020C4C9 /* 2015 */ = {
			isa = PBXGroup;
			children = (
				BE7FF1E7256D91A60020C4C9 /* AoC2015View.swift */,
				BE7FF224256DA73B0020C4C9 /* Day1 */,
				BE7FF219256D9ADC0020C4C9 /* Day2 */,
			);
			path = 2015;
			sourceTree = "<group>";
		};
		BE7FF219256D9ADC0020C4C9 /* Day2 */ = {
			isa = PBXGroup;
			children = (
				BE7FF1FF256D95360020C4C9 /* NoMathView.swift */,
				BE7FF205256D973F0020C4C9 /* WrappingPaperCalculator.swift */,
				BE7FF210256D9AC20020C4C9 /* day2-input.txt */,
			);
			path = Day2;
			sourceTree = "<group>";
		};
		BE7FF21A256D9AFB0020C4C9 /* Utilities */ = {
			isa = PBXGroup;
			children = (
				BE7FF21B256DA2990020C4C9 /* FileImporter.swift */,
			);
			path = Utilities;
			sourceTree = "<group>";
		};
		BE7FF224256DA73B0020C4C9 /* Day1 */ = {
			isa = PBXGroup;
			children = (
				BE7FF1F0256D922A0020C4C9 /* NQLView.swift */,
				BE7FF1D8256C46DD0020C4C9 /* NQL.swift */,
			);
			path = Day1;
			sourceTree = "<group>";
		};
		D4E45B1F2575E62A00FA8BD0 /* 2020 */ = {
			isa = PBXGroup;
			children = (
				D4E45B8A2579C74200FA8BD0 /* Day4 */,
				D4E45B6D257865AE00FA8BD0 /* Day3 */,
				D4E45B532577D76800FA8BD0 /* Day2 */,
				D4E45B282575ECF500FA8BD0 /* Day1 */,
				D4E45B202575E64700FA8BD0 /* AoC2020View.swift */,
			);
			path = 2020;
			sourceTree = "<group>";
		};
		D4E45B282575ECF500FA8BD0 /* Day1 */ = {
			isa = PBXGroup;
			children = (
				D4E45B292575ED0C00FA8BD0 /* Day1View2020.swift */,
				D4E45B3A2576860E00FA8BD0 /* TTFinder.swift */,
				D4E45B452576875E00FA8BD0 /* day1-input-2020.txt */,
			);
			path = Day1;
			sourceTree = "<group>";
		};
		D4E45B532577D76800FA8BD0 /* Day2 */ = {
			isa = PBXGroup;
			children = (
				D4E45B5B2577D80E00FA8BD0 /* day2-input-2020.txt */,
				D4E45B542577D77800FA8BD0 /* Day2View2020.swift */,
				D4E45B622577D84500FA8BD0 /* PasswordsProcessor.swift */,
			);
			path = Day2;
			sourceTree = "<group>";
		};
		D4E45B6D257865AE00FA8BD0 /* Day3 */ = {
			isa = PBXGroup;
			children = (
				D4E45B7525791D8200FA8BD0 /* day3-input-2020.txt */,
				D4E45B6E257865C400FA8BD0 /* Day3View2020.swift */,
				D4E45B7C25791D9E00FA8BD0 /* Day3MapView.swift */,
				D4E45B8325792BA700FA8BD0 /* test-input-d32020.txt */,
			);
			path = Day3;
			sourceTree = "<group>";
		};
		D4E45B8A2579C74200FA8BD0 /* Day4 */ = {
			isa = PBXGroup;
			children = (
				D4E45B92257A797A00FA8BD0 /* day4-input-2020.txt */,
				D4E45B8B2579C75100FA8BD0 /* Day4View2020.swift */,
				D4E45B97257A79F900FA8BD0 /* PassportProcessor.swift */,
				D4E45B9E257A802B00FA8BD0 /* d42020-sample-data.txt */,
			);
			path = Day4;
			sourceTree = "<group>";
		};
/* End PBXGroup section */

/* Begin PBXNativeTarget section */
		BE7FF1A5256C46860020C4C9 /* AdventOfCode */ = {
			isa = PBXNativeTarget;
			buildConfigurationList = BE7FF1CC256C46870020C4C9 /* Build configuration list for PBXNativeTarget "AdventOfCode" */;
			buildPhases = (
				BE7FF1A2256C46860020C4C9 /* Sources */,
				BE7FF1A3256C46860020C4C9 /* Frameworks */,
				BE7FF1A4256C46860020C4C9 /* Resources */,
			);
			buildRules = (
			);
			dependencies = (
			);
			name = AdventOfCode;
			productName = AdventOfCode;
			productReference = BE7FF1A6256C46860020C4C9 /* AdventOfCode.app */;
			productType = "com.apple.product-type.application";
		};
		BE7FF1B7256C46870020C4C9 /* AdventOfCodeTests */ = {
			isa = PBXNativeTarget;
			buildConfigurationList = BE7FF1CF256C46870020C4C9 /* Build configuration list for PBXNativeTarget "AdventOfCodeTests" */;
			buildPhases = (
				BE7FF1B4256C46870020C4C9 /* Sources */,
				BE7FF1B5256C46870020C4C9 /* Frameworks */,
				BE7FF1B6256C46870020C4C9 /* Resources */,
			);
			buildRules = (
			);
			dependencies = (
				BE7FF1BA256C46870020C4C9 /* PBXTargetDependency */,
			);
			name = AdventOfCodeTests;
			productName = AdventOfCodeTests;
			productReference = BE7FF1B8256C46870020C4C9 /* AdventOfCodeTests.xctest */;
			productType = "com.apple.product-type.bundle.unit-test";
		};
/* End PBXNativeTarget section */

/* Begin PBXProject section */
		BE7FF19E256C46860020C4C9 /* Project object */ = {
			isa = PBXProject;
			attributes = {
				LastSwiftUpdateCheck = 1220;
				LastUpgradeCheck = 1220;
				TargetAttributes = {
					BE7FF1A5256C46860020C4C9 = {
						CreatedOnToolsVersion = 12.2;
					};
					BE7FF1B7256C46870020C4C9 = {
						CreatedOnToolsVersion = 12.2;
						TestTargetID = BE7FF1A5256C46860020C4C9;
					};
				};
			};
			buildConfigurationList = BE7FF1A1256C46860020C4C9 /* Build configuration list for PBXProject "AdventOfCode" */;
			compatibilityVersion = "Xcode 9.3";
			developmentRegion = en;
			hasScannedForEncodings = 0;
			knownRegions = (
				en,
				Base,
			);
			mainGroup = BE7FF19D256C46860020C4C9;
			productRefGroup = BE7FF1A7256C46860020C4C9 /* Products */;
			projectDirPath = "";
			projectRoot = "";
			targets = (
				BE7FF1A5256C46860020C4C9 /* AdventOfCode */,
				BE7FF1B7256C46870020C4C9 /* AdventOfCodeTests */,
			);
		};
/* End PBXProject section */

/* Begin PBXResourcesBuildPhase section */
		BE7FF1A4256C46860020C4C9 /* Resources */ = {
			isa = PBXResourcesBuildPhase;
			buildActionMask = 2147483647;
			files = (
				BE7FF1B1256C46870020C4C9 /* Preview Assets.xcassets in Resources */,
				D4E45B5C2577D80E00FA8BD0 /* day2-input-2020.txt in Resources */,
				BE7FF1AE256C46870020C4C9 /* Assets.xcassets in Resources */,
				D4E45B9F257A802B00FA8BD0 /* d42020-sample-data.txt in Resources */,
				D4E45B8425792BA700FA8BD0 /* test-input-d32020.txt in Resources */,
				D4E45B462576875E00FA8BD0 /* day1-input-2020.txt in Resources */,
				D4E45B93257A797A00FA8BD0 /* day4-input-2020.txt in Resources */,
				BE7FF211256D9AC20020C4C9 /* day2-input.txt in Resources */,
				D4E45B7625791D8200FA8BD0 /* day3-input-2020.txt in Resources */,
			);
			runOnlyForDeploymentPostprocessing = 0;
		};
		BE7FF1B6256C46870020C4C9 /* Resources */ = {
			isa = PBXResourcesBuildPhase;
			buildActionMask = 2147483647;
			files = (
				D4E45B8525792BA700FA8BD0 /* test-input-d32020.txt in Resources */,
				D4E45B94257A797A00FA8BD0 /* day4-input-2020.txt in Resources */,
				D4E45B472576875E00FA8BD0 /* day1-input-2020.txt in Resources */,
				BE7FF212256D9AC20020C4C9 /* day2-input.txt in Resources */,
				D4E45BA0257A802B00FA8BD0 /* d42020-sample-data.txt in Resources */,
				D4E45B5D2577D80E00FA8BD0 /* day2-input-2020.txt in Resources */,
				D4E45B7725791D8200FA8BD0 /* day3-input-2020.txt in Resources */,
			);
			runOnlyForDeploymentPostprocessing = 0;
		};
/* End PBXResourcesBuildPhase section */

/* Begin PBXSourcesBuildPhase section */
		BE7FF1A2256C46860020C4C9 /* Sources */ = {
			isa = PBXSourcesBuildPhase;
			buildActionMask = 2147483647;
			files = (
				D4E45B7D25791D9E00FA8BD0 /* Day3MapView.swift in Sources */,
				D4E45B3B2576860E00FA8BD0 /* TTFinder.swift in Sources */,
				D4E45B6F257865C400FA8BD0 /* Day3View2020.swift in Sources */,
				BE7FF1E8256D91A60020C4C9 /* AoC2015View.swift in Sources */,
				BE7FF1AC256C46860020C4C9 /* ContentView.swift in Sources */,
				BE7FF206256D973F0020C4C9 /* WrappingPaperCalculator.swift in Sources */,
				D4E45B552577D77800FA8BD0 /* Day2View2020.swift in Sources */,
				D4E45B212575E64700FA8BD0 /* AoC2020View.swift in Sources */,
				BE7FF1AA256C46860020C4C9 /* AdventOfCodeApp.swift in Sources */,
				D4E45B2A2575ED0C00FA8BD0 /* Day1View2020.swift in Sources */,
				D4E45B632577D84500FA8BD0 /* PasswordsProcessor.swift in Sources */,
				BE7FF200256D95360020C4C9 /* NoMathView.swift in Sources */,
				BE7FF1F1256D922A0020C4C9 /* NQLView.swift in Sources */,
				D4E45B98257A79F900FA8BD0 /* PassportProcessor.swift in Sources */,
				BE7FF1D9256C46DD0020C4C9 /* NQL.swift in Sources */,
				D4E45B8C2579C75100FA8BD0 /* Day4View2020.swift in Sources */,
				BE7FF21C256DA2990020C4C9 /* FileImporter.swift in Sources */,
			);
			runOnlyForDeploymentPostprocessing = 0;
		};
		BE7FF1B4256C46870020C4C9 /* Sources */ = {
			isa = PBXSourcesBuildPhase;
			buildActionMask = 2147483647;
			files = (
				D4E45B412576864D00FA8BD0 /* TTFinderTests.swift in Sources */,
				D4E45B6A2577D99400FA8BD0 /* PasswordProcessorTests.swift in Sources */,
				BE7FF1E9256D91A60020C4C9 /* AoC2015View.swift in Sources */,
				BE7FF1BD256C46870020C4C9 /* AdventOfCodeTests.swift in Sources */,
				BE7FF20C256D975B0020C4C9 /* WrappingPaperCalculatorTests.swift in Sources */,
				D4E45B562577D77800FA8BD0 /* Day2View2020.swift in Sources */,
				D4E45B7E25791D9E00FA8BD0 /* Day3MapView.swift in Sources */,
				D4E45B3C2576860E00FA8BD0 /* TTFinder.swift in Sources */,
				BE7FF207256D973F0020C4C9 /* WrappingPaperCalculator.swift in Sources */,
				BE7FF1DA256C46DD0020C4C9 /* NQL.swift in Sources */,
				D4E45B642577D84500FA8BD0 /* PasswordsProcessor.swift in Sources */,
				BE7FF21D256DA2990020C4C9 /* FileImporter.swift in Sources */,
				D4E45B99257A79F900FA8BD0 /* PassportProcessor.swift in Sources */,
				D4E45B8D2579C75100FA8BD0 /* Day4View2020.swift in Sources */,
				BE7FF201256D95360020C4C9 /* NoMathView.swift in Sources */,
				BE7FF1F2256D922A0020C4C9 /* NQLView.swift in Sources */,
				D4E45B70257865C400FA8BD0 /* Day3View2020.swift in Sources */,
				BE7FF1E0256C48580020C4C9 /* NQLTest.swift in Sources */,
			);
			runOnlyForDeploymentPostprocessing = 0;
		};
/* End PBXSourcesBuildPhase section */

/* Begin PBXTargetDependency section */
		BE7FF1BA256C46870020C4C9 /* PBXTargetDependency */ = {
			isa = PBXTargetDependency;
			target = BE7FF1A5256C46860020C4C9 /* AdventOfCode */;
			targetProxy = BE7FF1B9256C46870020C4C9 /* PBXContainerItemProxy */;
		};
/* End PBXTargetDependency section */

/* Begin XCBuildConfiguration section */
		BE7FF1CA256C46870020C4C9 /* Debug */ = {
			isa = XCBuildConfiguration;
			buildSettings = {
				ALWAYS_SEARCH_USER_PATHS = NO;
				CLANG_ANALYZER_NONNULL = YES;
				CLANG_ANALYZER_NUMBER_OBJECT_CONVERSION = YES_AGGRESSIVE;
				CLANG_CXX_LANGUAGE_STANDARD = "gnu++14";
				CLANG_CXX_LIBRARY = "libc++";
				CLANG_ENABLE_MODULES = YES;
				CLANG_ENABLE_OBJC_ARC = YES;
				CLANG_ENABLE_OBJC_WEAK = YES;
				CLANG_WARN_BLOCK_CAPTURE_AUTORELEASING = YES;
				CLANG_WARN_BOOL_CONVERSION = YES;
				CLANG_WARN_COMMA = YES;
				CLANG_WARN_CONSTANT_CONVERSION = YES;
				CLANG_WARN_DEPRECATED_OBJC_IMPLEMENTATIONS = YES;
				CLANG_WARN_DIRECT_OBJC_ISA_USAGE = YES_ERROR;
				CLANG_WARN_DOCUMENTATION_COMMENTS = YES;
				CLANG_WARN_EMPTY_BODY = YES;
				CLANG_WARN_ENUM_CONVERSION = YES;
				CLANG_WARN_INFINITE_RECURSION = YES;
				CLANG_WARN_INT_CONVERSION = YES;
				CLANG_WARN_NON_LITERAL_NULL_CONVERSION = YES;
				CLANG_WARN_OBJC_IMPLICIT_RETAIN_SELF = YES;
				CLANG_WARN_OBJC_LITERAL_CONVERSION = YES;
				CLANG_WARN_OBJC_ROOT_CLASS = YES_ERROR;
				CLANG_WARN_QUOTED_INCLUDE_IN_FRAMEWORK_HEADER = YES;
				CLANG_WARN_RANGE_LOOP_ANALYSIS = YES;
				CLANG_WARN_STRICT_PROTOTYPES = YES;
				CLANG_WARN_SUSPICIOUS_MOVE = YES;
				CLANG_WARN_UNGUARDED_AVAILABILITY = YES_AGGRESSIVE;
				CLANG_WARN_UNREACHABLE_CODE = YES;
				CLANG_WARN__DUPLICATE_METHOD_MATCH = YES;
				COPY_PHASE_STRIP = NO;
				DEBUG_INFORMATION_FORMAT = dwarf;
				ENABLE_STRICT_OBJC_MSGSEND = YES;
				ENABLE_TESTABILITY = YES;
				GCC_C_LANGUAGE_STANDARD = gnu11;
				GCC_DYNAMIC_NO_PIC = NO;
				GCC_NO_COMMON_BLOCKS = YES;
				GCC_OPTIMIZATION_LEVEL = 0;
				GCC_PREPROCESSOR_DEFINITIONS = (
					"DEBUG=1",
					"$(inherited)",
				);
				GCC_WARN_64_TO_32_BIT_CONVERSION = YES;
				GCC_WARN_ABOUT_RETURN_TYPE = YES_ERROR;
				GCC_WARN_UNDECLARED_SELECTOR = YES;
				GCC_WARN_UNINITIALIZED_AUTOS = YES_AGGRESSIVE;
				GCC_WARN_UNUSED_FUNCTION = YES;
				GCC_WARN_UNUSED_VARIABLE = YES;
				MACOSX_DEPLOYMENT_TARGET = 11.0;
				MTL_ENABLE_DEBUG_INFO = INCLUDE_SOURCE;
				MTL_FAST_MATH = YES;
				ONLY_ACTIVE_ARCH = YES;
				SDKROOT = macosx;
				SWIFT_ACTIVE_COMPILATION_CONDITIONS = DEBUG;
				SWIFT_OPTIMIZATION_LEVEL = "-Onone";
			};
			name = Debug;
		};
		BE7FF1CB256C46870020C4C9 /* Release */ = {
			isa = XCBuildConfiguration;
			buildSettings = {
				ALWAYS_SEARCH_USER_PATHS = NO;
				CLANG_ANALYZER_NONNULL = YES;
				CLANG_ANALYZER_NUMBER_OBJECT_CONVERSION = YES_AGGRESSIVE;
				CLANG_CXX_LANGUAGE_STANDARD = "gnu++14";
				CLANG_CXX_LIBRARY = "libc++";
				CLANG_ENABLE_MODULES = YES;
				CLANG_ENABLE_OBJC_ARC = YES;
				CLANG_ENABLE_OBJC_WEAK = YES;
				CLANG_WARN_BLOCK_CAPTURE_AUTORELEASING = YES;
				CLANG_WARN_BOOL_CONVERSION = YES;
				CLANG_WARN_COMMA = YES;
				CLANG_WARN_CONSTANT_CONVERSION = YES;
				CLANG_WARN_DEPRECATED_OBJC_IMPLEMENTATIONS = YES;
				CLANG_WARN_DIRECT_OBJC_ISA_USAGE = YES_ERROR;
				CLANG_WARN_DOCUMENTATION_COMMENTS = YES;
				CLANG_WARN_EMPTY_BODY = YES;
				CLANG_WARN_ENUM_CONVERSION = YES;
				CLANG_WARN_INFINITE_RECURSION = YES;
				CLANG_WARN_INT_CONVERSION = YES;
				CLANG_WARN_NON_LITERAL_NULL_CONVERSION = YES;
				CLANG_WARN_OBJC_IMPLICIT_RETAIN_SELF = YES;
				CLANG_WARN_OBJC_LITERAL_CONVERSION = YES;
				CLANG_WARN_OBJC_ROOT_CLASS = YES_ERROR;
				CLANG_WARN_QUOTED_INCLUDE_IN_FRAMEWORK_HEADER = YES;
				CLANG_WARN_RANGE_LOOP_ANALYSIS = YES;
				CLANG_WARN_STRICT_PROTOTYPES = YES;
				CLANG_WARN_SUSPICIOUS_MOVE = YES;
				CLANG_WARN_UNGUARDED_AVAILABILITY = YES_AGGRESSIVE;
				CLANG_WARN_UNREACHABLE_CODE = YES;
				CLANG_WARN__DUPLICATE_METHOD_MATCH = YES;
				COPY_PHASE_STRIP = NO;
				DEBUG_INFORMATION_FORMAT = "dwarf-with-dsym";
				ENABLE_NS_ASSERTIONS = NO;
				ENABLE_STRICT_OBJC_MSGSEND = YES;
				GCC_C_LANGUAGE_STANDARD = gnu11;
				GCC_NO_COMMON_BLOCKS = YES;
				GCC_WARN_64_TO_32_BIT_CONVERSION = YES;
				GCC_WARN_ABOUT_RETURN_TYPE = YES_ERROR;
				GCC_WARN_UNDECLARED_SELECTOR = YES;
				GCC_WARN_UNINITIALIZED_AUTOS = YES_AGGRESSIVE;
				GCC_WARN_UNUSED_FUNCTION = YES;
				GCC_WARN_UNUSED_VARIABLE = YES;
				MACOSX_DEPLOYMENT_TARGET = 11.0;
				MTL_ENABLE_DEBUG_INFO = NO;
				MTL_FAST_MATH = YES;
				SDKROOT = macosx;
				SWIFT_COMPILATION_MODE = wholemodule;
				SWIFT_OPTIMIZATION_LEVEL = "-O";
			};
			name = Release;
		};
		BE7FF1CD256C46870020C4C9 /* Debug */ = {
			isa = XCBuildConfiguration;
			buildSettings = {
				ASSETCATALOG_COMPILER_APPICON_NAME = AppIcon;
				ASSETCATALOG_COMPILER_GLOBAL_ACCENT_COLOR_NAME = AccentColor;
				CODE_SIGN_ENTITLEMENTS = AdventOfCode/AdventOfCode.entitlements;
				CODE_SIGN_STYLE = Automatic;
				COMBINE_HIDPI_IMAGES = YES;
				DEVELOPMENT_ASSET_PATHS = "\"AdventOfCode/Preview Content\"";
				ENABLE_PREVIEWS = YES;
				INFOPLIST_FILE = AdventOfCode/Info.plist;
				LD_RUNPATH_SEARCH_PATHS = (
					"$(inherited)",
					"@executable_path/../Frameworks",
				);
				MACOSX_DEPLOYMENT_TARGET = 11.0;
				PRODUCT_BUNDLE_IDENTIFIER = com.swerner.AdventOfCode;
				PRODUCT_NAME = "$(TARGET_NAME)";
				SWIFT_VERSION = 5.0;
			};
			name = Debug;
		};
		BE7FF1CE256C46870020C4C9 /* Release */ = {
			isa = XCBuildConfiguration;
			buildSettings = {
				ASSETCATALOG_COMPILER_APPICON_NAME = AppIcon;
				ASSETCATALOG_COMPILER_GLOBAL_ACCENT_COLOR_NAME = AccentColor;
				CODE_SIGN_ENTITLEMENTS = AdventOfCode/AdventOfCode.entitlements;
				CODE_SIGN_STYLE = Automatic;
				COMBINE_HIDPI_IMAGES = YES;
				DEVELOPMENT_ASSET_PATHS = "\"AdventOfCode/Preview Content\"";
				ENABLE_PREVIEWS = YES;
				INFOPLIST_FILE = AdventOfCode/Info.plist;
				LD_RUNPATH_SEARCH_PATHS = (
					"$(inherited)",
					"@executable_path/../Frameworks",
				);
				MACOSX_DEPLOYMENT_TARGET = 11.0;
				PRODUCT_BUNDLE_IDENTIFIER = com.swerner.AdventOfCode;
				PRODUCT_NAME = "$(TARGET_NAME)";
				SWIFT_VERSION = 5.0;
			};
			name = Release;
		};
		BE7FF1D0256C46870020C4C9 /* Debug */ = {
			isa = XCBuildConfiguration;
			buildSettings = {
				ALWAYS_EMBED_SWIFT_STANDARD_LIBRARIES = YES;
				BUNDLE_LOADER = "$(TEST_HOST)";
				CODE_SIGN_STYLE = Automatic;
				COMBINE_HIDPI_IMAGES = YES;
				INFOPLIST_FILE = AdventOfCodeTests/Info.plist;
				LD_RUNPATH_SEARCH_PATHS = (
					"$(inherited)",
					"@executable_path/../Frameworks",
					"@loader_path/../Frameworks",
				);
				MACOSX_DEPLOYMENT_TARGET = 11.0;
				PRODUCT_BUNDLE_IDENTIFIER = com.swerner.AdventOfCodeTests;
				PRODUCT_NAME = "$(TARGET_NAME)";
				SWIFT_VERSION = 5.0;
				TEST_HOST = "$(BUILT_PRODUCTS_DIR)/AdventOfCode.app/Contents/MacOS/AdventOfCode";
			};
			name = Debug;
		};
		BE7FF1D1256C46870020C4C9 /* Release */ = {
			isa = XCBuildConfiguration;
			buildSettings = {
				ALWAYS_EMBED_SWIFT_STANDARD_LIBRARIES = YES;
				BUNDLE_LOADER = "$(TEST_HOST)";
				CODE_SIGN_STYLE = Automatic;
				COMBINE_HIDPI_IMAGES = YES;
				INFOPLIST_FILE = AdventOfCodeTests/Info.plist;
				LD_RUNPATH_SEARCH_PATHS = (
					"$(inherited)",
					"@executable_path/../Frameworks",
					"@loader_path/../Frameworks",
				);
				MACOSX_DEPLOYMENT_TARGET = 11.0;
				PRODUCT_BUNDLE_IDENTIFIER = com.swerner.AdventOfCodeTests;
				PRODUCT_NAME = "$(TARGET_NAME)";
				SWIFT_VERSION = 5.0;
				TEST_HOST = "$(BUILT_PRODUCTS_DIR)/AdventOfCode.app/Contents/MacOS/AdventOfCode";
			};
			name = Release;
		};
/* End XCBuildConfiguration section */

/* Begin XCConfigurationList section */
		BE7FF1A1256C46860020C4C9 /* Build configuration list for PBXProject "AdventOfCode" */ = {
			isa = XCConfigurationList;
			buildConfigurations = (
				BE7FF1CA256C46870020C4C9 /* Debug */,
				BE7FF1CB256C46870020C4C9 /* Release */,
			);
			defaultConfigurationIsVisible = 0;
			defaultConfigurationName = Release;
		};
		BE7FF1CC256C46870020C4C9 /* Build configuration list for PBXNativeTarget "AdventOfCode" */ = {
			isa = XCConfigurationList;
			buildConfigurations = (
				BE7FF1CD256C46870020C4C9 /* Debug */,
				BE7FF1CE256C46870020C4C9 /* Release */,
			);
			defaultConfigurationIsVisible = 0;
			defaultConfigurationName = Release;
		};
		BE7FF1CF256C46870020C4C9 /* Build configuration list for PBXNativeTarget "AdventOfCodeTests" */ = {
			isa = XCConfigurationList;
			buildConfigurations = (
				BE7FF1D0256C46870020C4C9 /* Debug */,
				BE7FF1D1256C46870020C4C9 /* Release */,
			);
			defaultConfigurationIsVisible = 0;
			defaultConfigurationName = Release;
		};
/* End XCConfigurationList section */
	};
	rootObject = BE7FF19E256C46860020C4C9 /* Project object */;
}
